// !$*UTF8*$!
{
	archiveVersion = 1;
	classes = {
	};
	objectVersion = 55;
	objects = {

/* Begin PBXBuildFile section */
		D23CE6E227557FC8006F6209 /* DebugMenuExampleApp.swift in Sources */ = {isa = PBXBuildFile; fileRef = D23CE6E127557FC8006F6209 /* DebugMenuExampleApp.swift */; };
		D23CE6E427557FC8006F6209 /* MainView.swift in Sources */ = {isa = PBXBuildFile; fileRef = D23CE6E327557FC8006F6209 /* MainView.swift */; };
		D23CE6E627557FCA006F6209 /* Assets.xcassets in Resources */ = {isa = PBXBuildFile; fileRef = D23CE6E527557FCA006F6209 /* Assets.xcassets */; };
		D23CE6E927557FCA006F6209 /* Preview Assets.xcassets in Resources */ = {isa = PBXBuildFile; fileRef = D23CE6E827557FCA006F6209 /* Preview Assets.xcassets */; };
		D2548FA727D82EAB00D82526 /* DebugMenu in Frameworks */ = {isa = PBXBuildFile; productRef = D2548FA627D82EAB00D82526 /* DebugMenu */; };
		D2548FB027DAC32800D82526 /* switchcraft in Frameworks */ = {isa = PBXBuildFile; productRef = D2548FAF27DAC32800D82526 /* switchcraft */; };
		D2548FB227DAC43B00D82526 /* SubmenuDataSource.swift in Sources */ = {isa = PBXBuildFile; fileRef = D2548FB127DAC43B00D82526 /* SubmenuDataSource.swift */; };
		D2B47D0A275944940053D1EA /* DebugMenuStore.swift in Sources */ = {isa = PBXBuildFile; fileRef = D2B47D09275944940053D1EA /* DebugMenuStore.swift */; };
/* End PBXBuildFile section */

/* Begin PBXFileReference section */
		D23CE6DE27557FC8006F6209 /* DebugMenuExample.app */ = {isa = PBXFileReference; explicitFileType = wrapper.application; includeInIndex = 0; path = DebugMenuExample.app; sourceTree = BUILT_PRODUCTS_DIR; };
		D23CE6E127557FC8006F6209 /* DebugMenuExampleApp.swift */ = {isa = PBXFileReference; lastKnownFileType = sourcecode.swift; path = DebugMenuExampleApp.swift; sourceTree = "<group>"; };
		D23CE6E327557FC8006F6209 /* MainView.swift */ = {isa = PBXFileReference; lastKnownFileType = sourcecode.swift; path = MainView.swift; sourceTree = "<group>"; };
		D23CE6E527557FCA006F6209 /* Assets.xcassets */ = {isa = PBXFileReference; lastKnownFileType = folder.assetcatalog; path = Assets.xcassets; sourceTree = "<group>"; };
		D23CE6E827557FCA006F6209 /* Preview Assets.xcassets */ = {isa = PBXFileReference; lastKnownFileType = folder.assetcatalog; path = "Preview Assets.xcassets"; sourceTree = "<group>"; };
		D2548FA427D82DEB00D82526 /* debug-menu-ios */ = {isa = PBXFileReference; lastKnownFileType = wrapper; name = "debug-menu-ios"; path = ../..; sourceTree = "<group>"; };
		D2548FB127DAC43B00D82526 /* SubmenuDataSource.swift */ = {isa = PBXFileReference; lastKnownFileType = sourcecode.swift; path = SubmenuDataSource.swift; sourceTree = "<group>"; };
		D2B47D09275944940053D1EA /* DebugMenuStore.swift */ = {isa = PBXFileReference; lastKnownFileType = sourcecode.swift; path = DebugMenuStore.swift; sourceTree = "<group>"; };
/* End PBXFileReference section */

/* Begin PBXFrameworksBuildPhase section */
		D23CE6DB27557FC8006F6209 /* Frameworks */ = {
			isa = PBXFrameworksBuildPhase;
			buildActionMask = 2147483647;
			files = (
				D2548FA727D82EAB00D82526 /* DebugMenu in Frameworks */,
				D2548FB027DAC32800D82526 /* switchcraft in Frameworks */,
			);
			runOnlyForDeploymentPostprocessing = 0;
		};
/* End PBXFrameworksBuildPhase section */

/* Begin PBXGroup section */
		D23CE6D527557FC8006F6209 = {
			isa = PBXGroup;
			children = (
				D23CE6E027557FC8006F6209 /* DebugMenuExample */,
				D23CE6DF27557FC8006F6209 /* Products */,
				D2548FA527D82EAB00D82526 /* Frameworks */,
			);
			sourceTree = "<group>";
		};
		D23CE6DF27557FC8006F6209 /* Products */ = {
			isa = PBXGroup;
			children = (
				D23CE6DE27557FC8006F6209 /* DebugMenuExample.app */,
			);
			name = Products;
			sourceTree = "<group>";
		};
		D23CE6E027557FC8006F6209 /* DebugMenuExample */ = {
			isa = PBXGroup;
			children = (
				D23CE6E127557FC8006F6209 /* DebugMenuExampleApp.swift */,
				D2548FB127DAC43B00D82526 /* SubmenuDataSource.swift */,
				D23CE6E327557FC8006F6209 /* MainView.swift */,
				D23CE6E527557FCA006F6209 /* Assets.xcassets */,
				D23CE6E727557FCA006F6209 /* Preview Content */,
				D2B47D09275944940053D1EA /* DebugMenuStore.swift */,
				D2548FA427D82DEB00D82526 /* debug-menu-ios */,
			);
			path = DebugMenuExample;
			sourceTree = "<group>";
		};
		D23CE6E727557FCA006F6209 /* Preview Content */ = {
			isa = PBXGroup;
			children = (
				D23CE6E827557FCA006F6209 /* Preview Assets.xcassets */,
			);
			path = "Preview Content";
			sourceTree = "<group>";
		};
		D2548FA527D82EAB00D82526 /* Frameworks */ = {
			isa = PBXGroup;
			children = (
			);
			name = Frameworks;
			sourceTree = "<group>";
		};
/* End PBXGroup section */

/* Begin PBXNativeTarget section */
		D23CE6DD27557FC8006F6209 /* DebugMenuExample */ = {
			isa = PBXNativeTarget;
			buildConfigurationList = D23CE6EC27557FCA006F6209 /* Build configuration list for PBXNativeTarget "DebugMenuExample" */;
			buildPhases = (
				D23CE6DA27557FC8006F6209 /* Sources */,
				D23CE6DB27557FC8006F6209 /* Frameworks */,
				D23CE6DC27557FC8006F6209 /* Resources */,
			);
			buildRules = (
			);
			dependencies = (
			);
			name = DebugMenuExample;
			packageProductDependencies = (
				D2548FA627D82EAB00D82526 /* DebugMenu */,
				D2548FAF27DAC32800D82526 /* switchcraft */,
			);
			productName = DebugMenuExample;
			productReference = D23CE6DE27557FC8006F6209 /* DebugMenuExample.app */;
			productType = "com.apple.product-type.application";
		};
/* End PBXNativeTarget section */

/* Begin PBXProject section */
		D23CE6D627557FC8006F6209 /* Project object */ = {
			isa = PBXProject;
			attributes = {
				BuildIndependentTargetsInParallel = 1;
				LastSwiftUpdateCheck = 1300;
				LastUpgradeCheck = 1300;
				TargetAttributes = {
					D23CE6DD27557FC8006F6209 = {
						CreatedOnToolsVersion = 13.0;
					};
				};
			};
			buildConfigurationList = D23CE6D927557FC8006F6209 /* Build configuration list for PBXProject "DebugMenuExample" */;
			compatibilityVersion = "Xcode 13.0";
			developmentRegion = en;
			hasScannedForEncodings = 0;
			knownRegions = (
				en,
				Base,
			);
			mainGroup = D23CE6D527557FC8006F6209;
			packageReferences = (
				D2548FAE27DAC32800D82526 /* XCRemoteSwiftPackageReference "switchcraft" */,
			);
			productRefGroup = D23CE6DF27557FC8006F6209 /* Products */;
			projectDirPath = "";
			projectRoot = "";
			targets = (
				D23CE6DD27557FC8006F6209 /* DebugMenuExample */,
			);
		};
/* End PBXProject section */

/* Begin PBXResourcesBuildPhase section */
		D23CE6DC27557FC8006F6209 /* Resources */ = {
			isa = PBXResourcesBuildPhase;
			buildActionMask = 2147483647;
			files = (
				D23CE6E927557FCA006F6209 /* Preview Assets.xcassets in Resources */,
				D23CE6E627557FCA006F6209 /* Assets.xcassets in Resources */,
			);
			runOnlyForDeploymentPostprocessing = 0;
		};
/* End PBXResourcesBuildPhase section */

/* Begin PBXSourcesBuildPhase section */
		D23CE6DA27557FC8006F6209 /* Sources */ = {
			isa = PBXSourcesBuildPhase;
			buildActionMask = 2147483647;
			files = (
				D2548FB227DAC43B00D82526 /* SubmenuDataSource.swift in Sources */,
				D23CE6E427557FC8006F6209 /* MainView.swift in Sources */,
				D2B47D0A275944940053D1EA /* DebugMenuStore.swift in Sources */,
				D23CE6E227557FC8006F6209 /* DebugMenuExampleApp.swift in Sources */,
			);
			runOnlyForDeploymentPostprocessing = 0;
		};
/* End PBXSourcesBuildPhase section */

/* Begin XCBuildConfiguration section */
		D23CE6EA27557FCA006F6209 /* Debug */ = {
			isa = XCBuildConfiguration;
			buildSettings = {
				ALWAYS_SEARCH_USER_PATHS = NO;
				CLANG_ANALYZER_NONNULL = YES;
				CLANG_ANALYZER_NUMBER_OBJECT_CONVERSION = YES_AGGRESSIVE;
				CLANG_CXX_LANGUAGE_STANDARD = "gnu++17";
				CLANG_CXX_LIBRARY = "libc++";
				CLANG_ENABLE_MODULES = YES;
				CLANG_ENABLE_OBJC_ARC = YES;
				CLANG_ENABLE_OBJC_WEAK = YES;
				CLANG_WARN_BLOCK_CAPTURE_AUTORELEASING = YES;
				CLANG_WARN_BOOL_CONVERSION = YES;
				CLANG_WARN_COMMA = YES;
				CLANG_WARN_CONSTANT_CONVERSION = YES;
				CLANG_WARN_DEPRECATED_OBJC_IMPLEMENTATIONS = YES;
				CLANG_WARN_DIRECT_OBJC_ISA_USAGE = YES_ERROR;
				CLANG_WARN_DOCUMENTATION_COMMENTS = YES;
				CLANG_WARN_EMPTY_BODY = YES;
				CLANG_WARN_ENUM_CONVERSION = YES;
				CLANG_WARN_INFINITE_RECURSION = YES;
				CLANG_WARN_INT_CONVERSION = YES;
				CLANG_WARN_NON_LITERAL_NULL_CONVERSION = YES;
				CLANG_WARN_OBJC_IMPLICIT_RETAIN_SELF = YES;
				CLANG_WARN_OBJC_LITERAL_CONVERSION = YES;
				CLANG_WARN_OBJC_ROOT_CLASS = YES_ERROR;
				CLANG_WARN_QUOTED_INCLUDE_IN_FRAMEWORK_HEADER = YES;
				CLANG_WARN_RANGE_LOOP_ANALYSIS = YES;
				CLANG_WARN_STRICT_PROTOTYPES = YES;
				CLANG_WARN_SUSPICIOUS_MOVE = YES;
				CLANG_WARN_UNGUARDED_AVAILABILITY = YES_AGGRESSIVE;
				CLANG_WARN_UNREACHABLE_CODE = YES;
				CLANG_WARN__DUPLICATE_METHOD_MATCH = YES;
				COPY_PHASE_STRIP = NO;
				DEBUG_INFORMATION_FORMAT = dwarf;
				ENABLE_STRICT_OBJC_MSGSEND = YES;
				ENABLE_TESTABILITY = YES;
				GCC_C_LANGUAGE_STANDARD = gnu11;
				GCC_DYNAMIC_NO_PIC = NO;
				GCC_NO_COMMON_BLOCKS = YES;
				GCC_OPTIMIZATION_LEVEL = 0;
				GCC_PREPROCESSOR_DEFINITIONS = (
					"DEBUG=1",
					"$(inherited)",
				);
				GCC_WARN_64_TO_32_BIT_CONVERSION = YES;
				GCC_WARN_ABOUT_RETURN_TYPE = YES_ERROR;
				GCC_WARN_UNDECLARED_SELECTOR = YES;
				GCC_WARN_UNINITIALIZED_AUTOS = YES_AGGRESSIVE;
				GCC_WARN_UNUSED_FUNCTION = YES;
				GCC_WARN_UNUSED_VARIABLE = YES;
				IPHONEOS_DEPLOYMENT_TARGET = 15.0;
				MTL_ENABLE_DEBUG_INFO = INCLUDE_SOURCE;
				MTL_FAST_MATH = YES;
				ONLY_ACTIVE_ARCH = YES;
				SDKROOT = iphoneos;
				SWIFT_ACTIVE_COMPILATION_CONDITIONS = DEBUG;
				SWIFT_OPTIMIZATION_LEVEL = "-Onone";
			};
			name = Debug;
		};
		D23CE6EB27557FCA006F6209 /* Release */ = {
			isa = XCBuildConfiguration;
			buildSettings = {
				ALWAYS_SEARCH_USER_PATHS = NO;
				CLANG_ANALYZER_NONNULL = YES;
				CLANG_ANALYZER_NUMBER_OBJECT_CONVERSION = YES_AGGRESSIVE;
				CLANG_CXX_LANGUAGE_STANDARD = "gnu++17";
				CLANG_CXX_LIBRARY = "libc++";
				CLANG_ENABLE_MODULES = YES;
				CLANG_ENABLE_OBJC_ARC = YES;
				CLANG_ENABLE_OBJC_WEAK = YES;
				CLANG_WARN_BLOCK_CAPTURE_AUTORELEASING = YES;
				CLANG_WARN_BOOL_CONVERSION = YES;
				CLANG_WARN_COMMA = YES;
				CLANG_WARN_CONSTANT_CONVERSION = YES;
				CLANG_WARN_DEPRECATED_OBJC_IMPLEMENTATIONS = YES;
				CLANG_WARN_DIRECT_OBJC_ISA_USAGE = YES_ERROR;
				CLANG_WARN_DOCUMENTATION_COMMENTS = YES;
				CLANG_WARN_EMPTY_BODY = YES;
				CLANG_WARN_ENUM_CONVERSION = YES;
				CLANG_WARN_INFINITE_RECURSION = YES;
				CLANG_WARN_INT_CONVERSION = YES;
				CLANG_WARN_NON_LITERAL_NULL_CONVERSION = YES;
				CLANG_WARN_OBJC_IMPLICIT_RETAIN_SELF = YES;
				CLANG_WARN_OBJC_LITERAL_CONVERSION = YES;
				CLANG_WARN_OBJC_ROOT_CLASS = YES_ERROR;
				CLANG_WARN_QUOTED_INCLUDE_IN_FRAMEWORK_HEADER = YES;
				CLANG_WARN_RANGE_LOOP_ANALYSIS = YES;
				CLANG_WARN_STRICT_PROTOTYPES = YES;
				CLANG_WARN_SUSPICIOUS_MOVE = YES;
				CLANG_WARN_UNGUARDED_AVAILABILITY = YES_AGGRESSIVE;
				CLANG_WARN_UNREACHABLE_CODE = YES;
				CLANG_WARN__DUPLICATE_METHOD_MATCH = YES;
				COPY_PHASE_STRIP = NO;
				DEBUG_INFORMATION_FORMAT = "dwarf-with-dsym";
				ENABLE_NS_ASSERTIONS = NO;
				ENABLE_STRICT_OBJC_MSGSEND = YES;
				GCC_C_LANGUAGE_STANDARD = gnu11;
				GCC_NO_COMMON_BLOCKS = YES;
				GCC_WARN_64_TO_32_BIT_CONVERSION = YES;
				GCC_WARN_ABOUT_RETURN_TYPE = YES_ERROR;
				GCC_WARN_UNDECLARED_SELECTOR = YES;
				GCC_WARN_UNINITIALIZED_AUTOS = YES_AGGRESSIVE;
				GCC_WARN_UNUSED_FUNCTION = YES;
				GCC_WARN_UNUSED_VARIABLE = YES;
				IPHONEOS_DEPLOYMENT_TARGET = 15.0;
				MTL_ENABLE_DEBUG_INFO = NO;
				MTL_FAST_MATH = YES;
				SDKROOT = iphoneos;
				SWIFT_COMPILATION_MODE = wholemodule;
				SWIFT_OPTIMIZATION_LEVEL = "-O";
				VALIDATE_PRODUCT = YES;
			};
			name = Release;
		};
		D23CE6ED27557FCA006F6209 /* Debug */ = {
			isa = XCBuildConfiguration;
			buildSettings = {
				ASSETCATALOG_COMPILER_APPICON_NAME = AppIcon;
				ASSETCATALOG_COMPILER_GLOBAL_ACCENT_COLOR_NAME = AccentColor;
				CODE_SIGN_STYLE = Automatic;
				CURRENT_PROJECT_VERSION = 1;
				DEVELOPMENT_ASSET_PATHS = "\"DebugMenuExample/Preview Content\"";
				DEVELOPMENT_TEAM = GH868RP95T;
				ENABLE_PREVIEWS = YES;
				GENERATE_INFOPLIST_FILE = YES;
				INFOPLIST_KEY_UIApplicationSceneManifest_Generation = YES;
				INFOPLIST_KEY_UIApplicationSupportsIndirectInputEvents = YES;
				INFOPLIST_KEY_UILaunchScreen_Generation = YES;
				INFOPLIST_KEY_UISupportedInterfaceOrientations_iPad = "UIInterfaceOrientationPortrait UIInterfaceOrientationPortraitUpsideDown UIInterfaceOrientationLandscapeLeft UIInterfaceOrientationLandscapeRight";
				INFOPLIST_KEY_UISupportedInterfaceOrientations_iPhone = "UIInterfaceOrientationPortrait UIInterfaceOrientationLandscapeLeft UIInterfaceOrientationLandscapeRight";
				IPHONEOS_DEPLOYMENT_TARGET = 14.0;
				LD_RUNPATH_SEARCH_PATHS = (
					"$(inherited)",
					"@executable_path/Frameworks",
				);
				MARKETING_VERSION = 1.0;
				PRODUCT_BUNDLE_IDENTIFIER = com.steamclock.DebugMenuExample;
				PRODUCT_NAME = "$(TARGET_NAME)";
				SWIFT_EMIT_LOC_STRINGS = YES;
				SWIFT_VERSION = 5.0;
				TARGETED_DEVICE_FAMILY = "1,2";
			};
			name = Debug;
		};
		D23CE6EE27557FCA006F6209 /* Release */ = {
			isa = XCBuildConfiguration;
			buildSettings = {
				ASSETCATALOG_COMPILER_APPICON_NAME = AppIcon;
				ASSETCATALOG_COMPILER_GLOBAL_ACCENT_COLOR_NAME = AccentColor;
				CODE_SIGN_STYLE = Automatic;
				CURRENT_PROJECT_VERSION = 1;
				DEVELOPMENT_ASSET_PATHS = "\"DebugMenuExample/Preview Content\"";
				DEVELOPMENT_TEAM = GH868RP95T;
				ENABLE_PREVIEWS = YES;
				GENERATE_INFOPLIST_FILE = YES;
				INFOPLIST_KEY_UIApplicationSceneManifest_Generation = YES;
				INFOPLIST_KEY_UIApplicationSupportsIndirectInputEvents = YES;
				INFOPLIST_KEY_UILaunchScreen_Generation = YES;
				INFOPLIST_KEY_UISupportedInterfaceOrientations_iPad = "UIInterfaceOrientationPortrait UIInterfaceOrientationPortraitUpsideDown UIInterfaceOrientationLandscapeLeft UIInterfaceOrientationLandscapeRight";
				INFOPLIST_KEY_UISupportedInterfaceOrientations_iPhone = "UIInterfaceOrientationPortrait UIInterfaceOrientationLandscapeLeft UIInterfaceOrientationLandscapeRight";
				IPHONEOS_DEPLOYMENT_TARGET = 14.0;
				LD_RUNPATH_SEARCH_PATHS = (
					"$(inherited)",
					"@executable_path/Frameworks",
				);
				MARKETING_VERSION = 1.0;
				PRODUCT_BUNDLE_IDENTIFIER = com.steamclock.DebugMenuExample;
				PRODUCT_NAME = "$(TARGET_NAME)";
				SWIFT_EMIT_LOC_STRINGS = YES;
				SWIFT_VERSION = 5.0;
				TARGETED_DEVICE_FAMILY = "1,2";
			};
			name = Release;
		};
/* End XCBuildConfiguration section */

/* Begin XCConfigurationList section */
		D23CE6D927557FC8006F6209 /* Build configuration list for PBXProject "DebugMenuExample" */ = {
			isa = XCConfigurationList;
			buildConfigurations = (
				D23CE6EA27557FCA006F6209 /* Debug */,
				D23CE6EB27557FCA006F6209 /* Release */,
			);
			defaultConfigurationIsVisible = 0;
			defaultConfigurationName = Debug;
		};
		D23CE6EC27557FCA006F6209 /* Build configuration list for PBXNativeTarget "DebugMenuExample" */ = {
			isa = XCConfigurationList;
			buildConfigurations = (
				D23CE6ED27557FCA006F6209 /* Debug */,
				D23CE6EE27557FCA006F6209 /* Release */,
			);
			defaultConfigurationIsVisible = 0;
			defaultConfigurationName = Debug;
		};
/* End XCConfigurationList section */

/* Begin XCRemoteSwiftPackageReference section */
		D2548FAE27DAC32800D82526 /* XCRemoteSwiftPackageReference "switchcraft" */ = {
			isa = XCRemoteSwiftPackageReference;
			repositoryURL = "https://github.com/steamclock/switchcraft.git";
			requirement = {
				kind = upToNextMajorVersion;
				minimumVersion = 1.0.0;
			};
		};
/* End XCRemoteSwiftPackageReference section */

/* Begin XCSwiftPackageProductDependency section */
		D2548FA627D82EAB00D82526 /* DebugMenu */ = {
			isa = XCSwiftPackageProductDependency;
			productName = DebugMenu;
		};
		D2548FAF27DAC32800D82526 /* switchcraft */ = {
			isa = XCSwiftPackageProductDependency;
			package = D2548FAE27DAC32800D82526 /* XCRemoteSwiftPackageReference "switchcraft" */;
			productName = switchcraft;
		};
/* End XCSwiftPackageProductDependency section */
	};
	rootObject = D23CE6D627557FC8006F6209 /* Project object */;
}
